
Microsoft Visual Studio Solution File, Format Version 12.00
# Visual Studio Version 17
VisualStudioVersion = 17.13.35806.99
MinimumVisualStudioVersion = 10.0.40219.1
Project("{FAE04EC0-301F-11D3-BF4B-00C04F79EFBC}") = "Sport_Calendar", "Sport_Calendar\Sport_Calendar.csproj", "{FDD6D7C7-0F20-491F-A642-8083D502EA7C}"
EndProject
Project("{FAE04EC0-301F-11D3-BF4B-00C04F79EFBC}") = "Sport_Calendar.Test", "Sport_Calendar.Test\Sport_Calendar.Test.csproj", "{8AE2CD0D-9F63-4303-950A-E43FFAFAC516}"
EndProject
Global
	GlobalSection(SolutionConfigurationPlatforms) = preSolution
		Debug|Any CPU = Debug|Any CPU
		Release|Any CPU = Release|Any CPU
	EndGlobalSection
	GlobalSection(ProjectConfigurationPlatforms) = postSolution
		{FDD6D7C7-0F20-491F-A642-8083D502EA7C}.Debug|Any CPU.ActiveCfg = Debug|Any CPU
		{FDD6D7C7-0F20-491F-A642-8083D502EA7C}.Debug|Any CPU.Build.0 = Debug|Any CPU
		{FDD6D7C7-0F20-491F-A642-8083D502EA7C}.Release|Any CPU.ActiveCfg = Release|Any CPU
		{FDD6D7C7-0F20-491F-A642-8083D502EA7C}.Release|Any CPU.Build.0 = Release|Any CPU
		{8AE2CD0D-9F63-4303-950A-E43FFAFAC516}.Debug|Any CPU.ActiveCfg = Debug|Any CPU
		{8AE2CD0D-9F63-4303-950A-E43FFAFAC516}.Debug|Any CPU.Build.0 = Debug|Any CPU
		{8AE2CD0D-9F63-4303-950A-E43FFAFAC516}.Release|Any CPU.ActiveCfg = Release|Any CPU
		{8AE2CD0D-9F63-4303-950A-E43FFAFAC516}.Release|Any CPU.Build.0 = Release|Any CPU
	EndGlobalSection
	GlobalSection(SolutionProperties) = preSolution
		HideSolutionNode = FALSE
	EndGlobalSection
	GlobalSection(ExtensibilityGlobals) = postSolution
		SolutionGuid = {272A6876-0C9F-44CE-8D5B-AB5CE954EAAD}
	EndGlobalSection
EndGlobal
